
Microsoft Visual Studio Solution File, Format Version 12.00
# Visual Studio Version 17
VisualStudioVersion = 17.2.32630.192
MinimumVisualStudioVersion = 10.0.40219.1
Project("{FAE04EC0-301F-11D3-BF4B-00C04F79EFBC}") = "API_ASP_NET", "API_ASP_NET.csproj", "{64D850FD-09FE-4FE1-A619-481A9E38F678}"
EndProject
Global
	GlobalSection(SolutionConfigurationPlatforms) = preSolution
		Debug|Any CPU = Debug|Any CPU
		Release|Any CPU = Release|Any CPU
	EndGlobalSection
	GlobalSection(ProjectConfigurationPlatforms) = postSolution
		{64D850FD-09FE-4FE1-A619-481A9E38F678}.Debug|Any CPU.ActiveCfg = Debug|Any CPU
		{64D850FD-09FE-4FE1-A619-481A9E38F678}.Debug|Any CPU.Build.0 = Debug|Any CPU
		{64D850FD-09FE-4FE1-A619-481A9E38F678}.Release|Any CPU.ActiveCfg = Release|Any CPU
		{64D850FD-09FE-4FE1-A619-481A9E38F678}.Release|Any CPU.Build.0 = Release|Any CPU
	EndGlobalSection
	GlobalSection(SolutionProperties) = preSolution
		HideSolutionNode = FALSE
	EndGlobalSection
	GlobalSection(ExtensibilityGlobals) = postSolution
		SolutionGuid = {6A6585AA-FECF-4639-BDF2-C093B3CF2F51}
	EndGlobalSection
EndGlobal
