
Microsoft Visual Studio Solution File, Format Version 12.00
# Visual Studio Version 17
VisualStudioVersion = 17.2.32630.192
MinimumVisualStudioVersion = 10.0.40219.1
Project("{9A19103F-16F7-4668-BE54-9A1E7A4F7556}") = "API_ASP_NET", "API_ASP_NET.csproj", "{64D850FD-09FE-4FE1-A619-481A9E38F678}"
EndProject
Project("{2150E333-8FDC-42A3-9474-1A3956D46DE8}") = "Aplication", "Aplication", "{4122AEC0-D50E-482F-8B0D-537874FBDC21}"
EndProject
Project("{2150E333-8FDC-42A3-9474-1A3956D46DE8}") = "Domain", "Domain", "{8EB386DF-7AE4-4703-A500-2CF42F124EDC}"
EndProject
Project("{2150E333-8FDC-42A3-9474-1A3956D46DE8}") = "Infra", "Infra", "{470846E4-237B-4D14-89BD-96402F5E672E}"
EndProject
Project("{2150E333-8FDC-42A3-9474-1A3956D46DE8}") = "Data", "Data", "{92C61708-20BB-439A-86A9-C3E8D8328B21}"
EndProject
Project("{9A19103F-16F7-4668-BE54-9A1E7A4F7556}") = "API.Infra.Data", "..\API.Infra.Data\API.Infra.Data.csproj", "{23D60352-56A9-4CED-A6FA-CCA60F1BC2C8}"
EndProject
Project("{2150E333-8FDC-42A3-9474-1A3956D46DE8}") = "CrossCutting", "CrossCutting", "{15B14AFA-003B-4A4A-A86D-8009E102C8B7}"
EndProject
Project("{9A19103F-16F7-4668-BE54-9A1E7A4F7556}") = "API.Infra.CrossCuttting", "..\API.Infra.CrossCuttting\API.Infra.CrossCuttting.csproj", "{414A259D-AF17-4F95-B225-52D20B1B9B18}"
EndProject
Project("{9A19103F-16F7-4668-BE54-9A1E7A4F7556}") = "APP.Domain", "..\API.Domain\APP.Domain.csproj", "{A581A13B-3DAC-4340-9AE0-20F2DC6B63EE}"
EndProject
Project("{2150E333-8FDC-42A3-9474-1A3956D46DE8}") = "Web", "Web", "{F4DA85A5-9EFD-4F75-BF70-C92906336F7F}"
EndProject
Project("{9A19103F-16F7-4668-BE54-9A1E7A4F7556}") = "APP.CadastroUsuario", "..\APP.CadastroUsuario\APP.CadastroUsuario.csproj", "{6014DA1C-EA7F-46DE-A37F-87CC708CE0C9}"
EndProject
Project("{2150E333-8FDC-42A3-9474-1A3956D46DE8}") = "Service", "Service", "{D75C9A11-9168-4CF6-9E4E-9707C96EEF12}"
EndProject
Project("{2150E333-8FDC-42A3-9474-1A3956D46DE8}") = "Services", "Services", "{2DACD3F1-E8CD-4DCE-A2A4-EF88E9F4D02C}"
EndProject
Project("{9A19103F-16F7-4668-BE54-9A1E7A4F7556}") = "API.Services", "..\API.Services\API.Services.csproj", "{4549AB85-CF6F-4089-889F-B0261BF41FB3}"
EndProject
Global
	GlobalSection(SolutionConfigurationPlatforms) = preSolution
		Debug|Any CPU = Debug|Any CPU
		Release|Any CPU = Release|Any CPU
	EndGlobalSection
	GlobalSection(ProjectConfigurationPlatforms) = postSolution
		{64D850FD-09FE-4FE1-A619-481A9E38F678}.Debug|Any CPU.ActiveCfg = Debug|Any CPU
		{64D850FD-09FE-4FE1-A619-481A9E38F678}.Debug|Any CPU.Build.0 = Debug|Any CPU
		{64D850FD-09FE-4FE1-A619-481A9E38F678}.Release|Any CPU.ActiveCfg = Release|Any CPU
		{64D850FD-09FE-4FE1-A619-481A9E38F678}.Release|Any CPU.Build.0 = Release|Any CPU
		{23D60352-56A9-4CED-A6FA-CCA60F1BC2C8}.Debug|Any CPU.ActiveCfg = Debug|Any CPU
		{23D60352-56A9-4CED-A6FA-CCA60F1BC2C8}.Debug|Any CPU.Build.0 = Debug|Any CPU
		{23D60352-56A9-4CED-A6FA-CCA60F1BC2C8}.Release|Any CPU.ActiveCfg = Release|Any CPU
		{23D60352-56A9-4CED-A6FA-CCA60F1BC2C8}.Release|Any CPU.Build.0 = Release|Any CPU
		{414A259D-AF17-4F95-B225-52D20B1B9B18}.Debug|Any CPU.ActiveCfg = Debug|Any CPU
		{414A259D-AF17-4F95-B225-52D20B1B9B18}.Debug|Any CPU.Build.0 = Debug|Any CPU
		{414A259D-AF17-4F95-B225-52D20B1B9B18}.Release|Any CPU.ActiveCfg = Release|Any CPU
		{414A259D-AF17-4F95-B225-52D20B1B9B18}.Release|Any CPU.Build.0 = Release|Any CPU
		{A581A13B-3DAC-4340-9AE0-20F2DC6B63EE}.Debug|Any CPU.ActiveCfg = Debug|Any CPU
		{A581A13B-3DAC-4340-9AE0-20F2DC6B63EE}.Debug|Any CPU.Build.0 = Debug|Any CPU
		{A581A13B-3DAC-4340-9AE0-20F2DC6B63EE}.Release|Any CPU.ActiveCfg = Release|Any CPU
		{A581A13B-3DAC-4340-9AE0-20F2DC6B63EE}.Release|Any CPU.Build.0 = Release|Any CPU
		{6014DA1C-EA7F-46DE-A37F-87CC708CE0C9}.Debug|Any CPU.ActiveCfg = Debug|Any CPU
		{6014DA1C-EA7F-46DE-A37F-87CC708CE0C9}.Debug|Any CPU.Build.0 = Debug|Any CPU
		{6014DA1C-EA7F-46DE-A37F-87CC708CE0C9}.Release|Any CPU.ActiveCfg = Release|Any CPU
		{6014DA1C-EA7F-46DE-A37F-87CC708CE0C9}.Release|Any CPU.Build.0 = Release|Any CPU
		{4549AB85-CF6F-4089-889F-B0261BF41FB3}.Debug|Any CPU.ActiveCfg = Debug|Any CPU
		{4549AB85-CF6F-4089-889F-B0261BF41FB3}.Debug|Any CPU.Build.0 = Debug|Any CPU
		{4549AB85-CF6F-4089-889F-B0261BF41FB3}.Release|Any CPU.ActiveCfg = Release|Any CPU
		{4549AB85-CF6F-4089-889F-B0261BF41FB3}.Release|Any CPU.Build.0 = Release|Any CPU
	EndGlobalSection
	GlobalSection(SolutionProperties) = preSolution
		HideSolutionNode = FALSE
	EndGlobalSection
	GlobalSection(NestedProjects) = preSolution
		{64D850FD-09FE-4FE1-A619-481A9E38F678} = {4122AEC0-D50E-482F-8B0D-537874FBDC21}
		{92C61708-20BB-439A-86A9-C3E8D8328B21} = {470846E4-237B-4D14-89BD-96402F5E672E}
		{23D60352-56A9-4CED-A6FA-CCA60F1BC2C8} = {92C61708-20BB-439A-86A9-C3E8D8328B21}
		{15B14AFA-003B-4A4A-A86D-8009E102C8B7} = {470846E4-237B-4D14-89BD-96402F5E672E}
		{414A259D-AF17-4F95-B225-52D20B1B9B18} = {15B14AFA-003B-4A4A-A86D-8009E102C8B7}
		{A581A13B-3DAC-4340-9AE0-20F2DC6B63EE} = {8EB386DF-7AE4-4703-A500-2CF42F124EDC}
		{6014DA1C-EA7F-46DE-A37F-87CC708CE0C9} = {F4DA85A5-9EFD-4F75-BF70-C92906336F7F}
		{2DACD3F1-E8CD-4DCE-A2A4-EF88E9F4D02C} = {D75C9A11-9168-4CF6-9E4E-9707C96EEF12}
		{4549AB85-CF6F-4089-889F-B0261BF41FB3} = {2DACD3F1-E8CD-4DCE-A2A4-EF88E9F4D02C}
	EndGlobalSection
	GlobalSection(ExtensibilityGlobals) = postSolution
		SolutionGuid = {6A6585AA-FECF-4639-BDF2-C093B3CF2F51}
	EndGlobalSection
EndGlobal
